// !$*UTF8*$!
{
	archiveVersion = 1;
	classes = {
	};
	objectVersion = 50;
	objects = {

/* Begin PBXBuildFile section */
		7674D70424B49125002D928A /* AppDelegate.swift in Sources */ = {isa = PBXBuildFile; fileRef = 7674D70324B49125002D928A /* AppDelegate.swift */; };
		7674D70624B49125002D928A /* SceneDelegate.swift in Sources */ = {isa = PBXBuildFile; fileRef = 7674D70524B49125002D928A /* SceneDelegate.swift */; };
		7674D70B24B49125002D928A /* Main.storyboard in Resources */ = {isa = PBXBuildFile; fileRef = 7674D70924B49125002D928A /* Main.storyboard */; };
		7674D70D24B49128002D928A /* Assets.xcassets in Resources */ = {isa = PBXBuildFile; fileRef = 7674D70C24B49128002D928A /* Assets.xcassets */; };
		7674D71024B49128002D928A /* LaunchScreen.storyboard in Resources */ = {isa = PBXBuildFile; fileRef = 7674D70E24B49128002D928A /* LaunchScreen.storyboard */; };
		7674D71824B4951D002D928A /* AttachmentTableViewController.swift in Sources */ = {isa = PBXBuildFile; fileRef = 7674D71724B4951D002D928A /* AttachmentTableViewController.swift */; };
		7674D71D24B9B3F8002D928A /* MIMEType.swift in Sources */ = {isa = PBXBuildFile; fileRef = 7674D71C24B9B3F8002D928A /* MIMEType.swift */; };
/* End PBXBuildFile section */

/* Begin PBXFileReference section */
		7674D70024B49125002D928A /* EmailAttachment.app */ = {isa = PBXFileReference; explicitFileType = wrapper.application; includeInIndex = 0; path = EmailAttachment.app; sourceTree = BUILT_PRODUCTS_DIR; };
		7674D70324B49125002D928A /* AppDelegate.swift */ = {isa = PBXFileReference; lastKnownFileType = sourcecode.swift; path = AppDelegate.swift; sourceTree = "<group>"; };
		7674D70524B49125002D928A /* SceneDelegate.swift */ = {isa = PBXFileReference; lastKnownFileType = sourcecode.swift; path = SceneDelegate.swift; sourceTree = "<group>"; };
		7674D70A24B49125002D928A /* Base */ = {isa = PBXFileReference; lastKnownFileType = file.storyboard; name = Base; path = Base.lproj/Main.storyboard; sourceTree = "<group>"; };
		7674D70C24B49128002D928A /* Assets.xcassets */ = {isa = PBXFileReference; lastKnownFileType = folder.assetcatalog; path = Assets.xcassets; sourceTree = "<group>"; };
		7674D70F24B49128002D928A /* Base */ = {isa = PBXFileReference; lastKnownFileType = file.storyboard; name = Base; path = Base.lproj/LaunchScreen.storyboard; sourceTree = "<group>"; };
		7674D71124B49128002D928A /* Info.plist */ = {isa = PBXFileReference; lastKnownFileType = text.plist.xml; path = Info.plist; sourceTree = "<group>"; };
		7674D71724B4951D002D928A /* AttachmentTableViewController.swift */ = {isa = PBXFileReference; lastKnownFileType = sourcecode.swift; path = AttachmentTableViewController.swift; sourceTree = "<group>"; };
		7674D71C24B9B3F8002D928A /* MIMEType.swift */ = {isa = PBXFileReference; lastKnownFileType = sourcecode.swift; path = MIMEType.swift; sourceTree = "<group>"; };
/* End PBXFileReference section */

/* Begin PBXFrameworksBuildPhase section */
		7674D6FD24B49125002D928A /* Frameworks */ = {
			isa = PBXFrameworksBuildPhase;
			buildActionMask = 2147483647;
			files = (
			);
			runOnlyForDeploymentPostprocessing = 0;
		};
/* End PBXFrameworksBuildPhase section */

/* Begin PBXGroup section */
		7674D6F724B49125002D928A = {
			isa = PBXGroup;
			children = (
				7674D70224B49125002D928A /* EmailAttachment */,
				7674D70124B49125002D928A /* Products */,
			);
			sourceTree = "<group>";
		};
		7674D70124B49125002D928A /* Products */ = {
			isa = PBXGroup;
			children = (
				7674D70024B49125002D928A /* EmailAttachment.app */,
			);
			name = Products;
			sourceTree = "<group>";
		};
		7674D70224B49125002D928A /* EmailAttachment */ = {
			isa = PBXGroup;
			children = (
				7674D71924B49726002D928A /* Appliction */,
				7674D71A24B4973B002D928A /* Scenes */,
				7674D71B24B49756002D928A /* Resources */,
				7674D71724B4951D002D928A /* AttachmentTableViewController.swift */,
				7674D71C24B9B3F8002D928A /* MIMEType.swift */,
				7674D71124B49128002D928A /* Info.plist */,
			);
			path = EmailAttachment;
			sourceTree = "<group>";
		};
		7674D71924B49726002D928A /* Appliction */ = {
			isa = PBXGroup;
			children = (
				7674D70324B49125002D928A /* AppDelegate.swift */,
				7674D70524B49125002D928A /* SceneDelegate.swift */,
			);
			path = Appliction;
			sourceTree = "<group>";
		};
		7674D71A24B4973B002D928A /* Scenes */ = {
			isa = PBXGroup;
			children = (
				7674D70924B49125002D928A /* Main.storyboard */,
				7674D70E24B49128002D928A /* LaunchScreen.storyboard */,
			);
			path = Scenes;
			sourceTree = "<group>";
		};
		7674D71B24B49756002D928A /* Resources */ = {
			isa = PBXGroup;
			children = (
				7674D70C24B49128002D928A /* Assets.xcassets */,
			);
			path = Resources;
			sourceTree = "<group>";
		};
/* End PBXGroup section */

/* Begin PBXNativeTarget section */
		7674D6FF24B49125002D928A /* EmailAttachment */ = {
			isa = PBXNativeTarget;
			buildConfigurationList = 7674D71424B49128002D928A /* Build configuration list for PBXNativeTarget "EmailAttachment" */;
			buildPhases = (
				7674D6FC24B49125002D928A /* Sources */,
				7674D6FD24B49125002D928A /* Frameworks */,
				7674D6FE24B49125002D928A /* Resources */,
			);
			buildRules = (
			);
			dependencies = (
			);
			name = EmailAttachment;
			productName = EmailAttachment;
			productReference = 7674D70024B49125002D928A /* EmailAttachment.app */;
			productType = "com.apple.product-type.application";
		};
/* End PBXNativeTarget section */

/* Begin PBXProject section */
		7674D6F824B49125002D928A /* Project object */ = {
			isa = PBXProject;
			attributes = {
				LastSwiftUpdateCheck = 1140;
				LastUpgradeCheck = 1140;
				ORGANIZATIONNAME = "Mohamed Adel";
				TargetAttributes = {
					7674D6FF24B49125002D928A = {
						CreatedOnToolsVersion = 11.4.1;
					};
				};
			};
			buildConfigurationList = 7674D6FB24B49125002D928A /* Build configuration list for PBXProject "EmailAttachment" */;
			compatibilityVersion = "Xcode 9.3";
			developmentRegion = en;
			hasScannedForEncodings = 0;
			knownRegions = (
				en,
				Base,
			);
			mainGroup = 7674D6F724B49125002D928A;
			productRefGroup = 7674D70124B49125002D928A /* Products */;
			projectDirPath = "";
			projectRoot = "";
			targets = (
				7674D6FF24B49125002D928A /* EmailAttachment */,
			);
		};
/* End PBXProject section */

/* Begin PBXResourcesBuildPhase section */
		7674D6FE24B49125002D928A /* Resources */ = {
			isa = PBXResourcesBuildPhase;
			buildActionMask = 2147483647;
			files = (
				7674D71024B49128002D928A /* LaunchScreen.storyboard in Resources */,
				7674D70D24B49128002D928A /* Assets.xcassets in Resources */,
				7674D70B24B49125002D928A /* Main.storyboard in Resources */,
			);
			runOnlyForDeploymentPostprocessing = 0;
		};
/* End PBXResourcesBuildPhase section */

/* Begin PBXSourcesBuildPhase section */
		7674D6FC24B49125002D928A /* Sources */ = {
			isa = PBXSourcesBuildPhase;
			buildActionMask = 2147483647;
			files = (
				7674D70424B49125002D928A /* AppDelegate.swift in Sources */,
				7674D70624B49125002D928A /* SceneDelegate.swift in Sources */,
				7674D71824B4951D002D928A /* AttachmentTableViewController.swift in Sources */,
				7674D71D24B9B3F8002D928A /* MIMEType.swift in Sources */,
			);
			runOnlyForDeploymentPostprocessing = 0;
		};
/* End PBXSourcesBuildPhase section */

/* Begin PBXVariantGroup section */
		7674D70924B49125002D928A /* Main.storyboard */ = {
			isa = PBXVariantGroup;
			children = (
				7674D70A24B49125002D928A /* Base */,
			);
			name = Main.storyboard;
			sourceTree = "<group>";
		};
		7674D70E24B49128002D928A /* LaunchScreen.storyboard */ = {
			isa = PBXVariantGroup;
			children = (
				7674D70F24B49128002D928A /* Base */,
			);
			name = LaunchScreen.storyboard;
			sourceTree = "<group>";
		};
/* End PBXVariantGroup section */

/* Begin XCBuildConfiguration section */
		7674D71224B49128002D928A /* Debug */ = {
			isa = XCBuildConfiguration;
			buildSettings = {
				ALWAYS_SEARCH_USER_PATHS = NO;
				CLANG_ANALYZER_NONNULL = YES;
				CLANG_ANALYZER_NUMBER_OBJECT_CONVERSION = YES_AGGRESSIVE;
				CLANG_CXX_LANGUAGE_STANDARD = "gnu++14";
				CLANG_CXX_LIBRARY = "libc++";
				CLANG_ENABLE_MODULES = YES;
				CLANG_ENABLE_OBJC_ARC = YES;
				CLANG_ENABLE_OBJC_WEAK = YES;
				CLANG_WARN_BLOCK_CAPTURE_AUTORELEASING = YES;
				CLANG_WARN_BOOL_CONVERSION = YES;
				CLANG_WARN_COMMA = YES;
				CLANG_WARN_CONSTANT_CONVERSION = YES;
				CLANG_WARN_DEPRECATED_OBJC_IMPLEMENTATIONS = YES;
				CLANG_WARN_DIRECT_OBJC_ISA_USAGE = YES_ERROR;
				CLANG_WARN_DOCUMENTATION_COMMENTS = YES;
				CLANG_WARN_EMPTY_BODY = YES;
				CLANG_WARN_ENUM_CONVERSION = YES;
				CLANG_WARN_INFINITE_RECURSION = YES;
				CLANG_WARN_INT_CONVERSION = YES;
				CLANG_WARN_NON_LITERAL_NULL_CONVERSION = YES;
				CLANG_WARN_OBJC_IMPLICIT_RETAIN_SELF = YES;
				CLANG_WARN_OBJC_LITERAL_CONVERSION = YES;
				CLANG_WARN_OBJC_ROOT_CLASS = YES_ERROR;
				CLANG_WARN_RANGE_LOOP_ANALYSIS = YES;
				CLANG_WARN_STRICT_PROTOTYPES = YES;
				CLANG_WARN_SUSPICIOUS_MOVE = YES;
				CLANG_WARN_UNGUARDED_AVAILABILITY = YES_AGGRESSIVE;
				CLANG_WARN_UNREACHABLE_CODE = YES;
				CLANG_WARN__DUPLICATE_METHOD_MATCH = YES;
				COPY_PHASE_STRIP = NO;
				DEBUG_INFORMATION_FORMAT = dwarf;
				ENABLE_STRICT_OBJC_MSGSEND = YES;
				ENABLE_TESTABILITY = YES;
				GCC_C_LANGUAGE_STANDARD = gnu11;
				GCC_DYNAMIC_NO_PIC = NO;
				GCC_NO_COMMON_BLOCKS = YES;
				GCC_OPTIMIZATION_LEVEL = 0;
				GCC_PREPROCESSOR_DEFINITIONS = (
					"DEBUG=1",
					"$(inherited)",
				);
				GCC_WARN_64_TO_32_BIT_CONVERSION = YES;
				GCC_WARN_ABOUT_RETURN_TYPE = YES_ERROR;
				GCC_WARN_UNDECLARED_SELECTOR = YES;
				GCC_WARN_UNINITIALIZED_AUTOS = YES_AGGRESSIVE;
				GCC_WARN_UNUSED_FUNCTION = YES;
				GCC_WARN_UNUSED_VARIABLE = YES;
				IPHONEOS_DEPLOYMENT_TARGET = 13.4;
				MTL_ENABLE_DEBUG_INFO = INCLUDE_SOURCE;
				MTL_FAST_MATH = YES;
				ONLY_ACTIVE_ARCH = YES;
				SDKROOT = iphoneos;
				SWIFT_ACTIVE_COMPILATION_CONDITIONS = DEBUG;
				SWIFT_OPTIMIZATION_LEVEL = "-Onone";
			};
			name = Debug;
		};
		7674D71324B49128002D928A /* Release */ = {
			isa = XCBuildConfiguration;
			buildSettings = {
				ALWAYS_SEARCH_USER_PATHS = NO;
				CLANG_ANALYZER_NONNULL = YES;
				CLANG_ANALYZER_NUMBER_OBJECT_CONVERSION = YES_AGGRESSIVE;
				CLANG_CXX_LANGUAGE_STANDARD = "gnu++14";
				CLANG_CXX_LIBRARY = "libc++";
				CLANG_ENABLE_MODULES = YES;
				CLANG_ENABLE_OBJC_ARC = YES;
				CLANG_ENABLE_OBJC_WEAK = YES;
				CLANG_WARN_BLOCK_CAPTURE_AUTORELEASING = YES;
				CLANG_WARN_BOOL_CONVERSION = YES;
				CLANG_WARN_COMMA = YES;
				CLANG_WARN_CONSTANT_CONVERSION = YES;
				CLANG_WARN_DEPRECATED_OBJC_IMPLEMENTATIONS = YES;
				CLANG_WARN_DIRECT_OBJC_ISA_USAGE = YES_ERROR;
				CLANG_WARN_DOCUMENTATION_COMMENTS = YES;
				CLANG_WARN_EMPTY_BODY = YES;
				CLANG_WARN_ENUM_CONVERSION = YES;
				CLANG_WARN_INFINITE_RECURSION = YES;
				CLANG_WARN_INT_CONVERSION = YES;
				CLANG_WARN_NON_LITERAL_NULL_CONVERSION = YES;
				CLANG_WARN_OBJC_IMPLICIT_RETAIN_SELF = YES;
				CLANG_WARN_OBJC_LITERAL_CONVERSION = YES;
				CLANG_WARN_OBJC_ROOT_CLASS = YES_ERROR;
				CLANG_WARN_RANGE_LOOP_ANALYSIS = YES;
				CLANG_WARN_STRICT_PROTOTYPES = YES;
				CLANG_WARN_SUSPICIOUS_MOVE = YES;
				CLANG_WARN_UNGUARDED_AVAILABILITY = YES_AGGRESSIVE;
				CLANG_WARN_UNREACHABLE_CODE = YES;
				CLANG_WARN__DUPLICATE_METHOD_MATCH = YES;
				COPY_PHASE_STRIP = NO;
				DEBUG_INFORMATION_FORMAT = "dwarf-with-dsym";
				ENABLE_NS_ASSERTIONS = NO;
				ENABLE_STRICT_OBJC_MSGSEND = YES;
				GCC_C_LANGUAGE_STANDARD = gnu11;
				GCC_NO_COMMON_BLOCKS = YES;
				GCC_WARN_64_TO_32_BIT_CONVERSION = YES;
				GCC_WARN_ABOUT_RETURN_TYPE = YES_ERROR;
				GCC_WARN_UNDECLARED_SELECTOR = YES;
				GCC_WARN_UNINITIALIZED_AUTOS = YES_AGGRESSIVE;
				GCC_WARN_UNUSED_FUNCTION = YES;
				GCC_WARN_UNUSED_VARIABLE = YES;
				IPHONEOS_DEPLOYMENT_TARGET = 13.4;
				MTL_ENABLE_DEBUG_INFO = NO;
				MTL_FAST_MATH = YES;
				SDKROOT = iphoneos;
				SWIFT_COMPILATION_MODE = wholemodule;
				SWIFT_OPTIMIZATION_LEVEL = "-O";
				VALIDATE_PRODUCT = YES;
			};
			name = Release;
		};
		7674D71524B49128002D928A /* Debug */ = {
			isa = XCBuildConfiguration;
			buildSettings = {
				ASSETCATALOG_COMPILER_APPICON_NAME = AppIcon;
				CODE_SIGN_STYLE = Automatic;
				DEVELOPMENT_TEAM = 4CPW54ZVP7;
				INFOPLIST_FILE = EmailAttachment/Info.plist;
				LD_RUNPATH_SEARCH_PATHS = (
					"$(inherited)",
					"@executable_path/Frameworks",
				);
				PRODUCT_BUNDLE_IDENTIFIER = "com.Mohamed-Adel.EmailAttachment";
				PRODUCT_NAME = "$(TARGET_NAME)";
				SWIFT_VERSION = 5.0;
				TARGETED_DEVICE_FAMILY = "1,2";
			};
			name = Debug;
		};
		7674D71624B49128002D928A /* Release */ = {
			isa = XCBuildConfiguration;
			buildSettings = {
				ASSETCATALOG_COMPILER_APPICON_NAME = AppIcon;
				CODE_SIGN_STYLE = Automatic;
				DEVELOPMENT_TEAM = 4CPW54ZVP7;
				INFOPLIST_FILE = EmailAttachment/Info.plist;
				LD_RUNPATH_SEARCH_PATHS = (
					"$(inherited)",
					"@executable_path/Frameworks",
				);
				PRODUCT_BUNDLE_IDENTIFIER = "com.Mohamed-Adel.EmailAttachment";
				PRODUCT_NAME = "$(TARGET_NAME)";
				SWIFT_VERSION = 5.0;
				TARGETED_DEVICE_FAMILY = "1,2";
			};
			name = Release;
		};
/* End XCBuildConfiguration section */

/* Begin XCConfigurationList section */
		7674D6FB24B49125002D928A /* Build configuration list for PBXProject "EmailAttachment" */ = {
			isa = XCConfigurationList;
			buildConfigurations = (
				7674D71224B49128002D928A /* Debug */,
				7674D71324B49128002D928A /* Release */,
			);
			defaultConfigurationIsVisible = 0;
			defaultConfigurationName = Release;
		};
		7674D71424B49128002D928A /* Build configuration list for PBXNativeTarget "EmailAttachment" */ = {
			isa = XCConfigurationList;
			buildConfigurations = (
				7674D71524B49128002D928A /* Debug */,
				7674D71624B49128002D928A /* Release */,
			);
			defaultConfigurationIsVisible = 0;
			defaultConfigurationName = Release;
		};
/* End XCConfigurationList section */
	};
	rootObject = 7674D6F824B49125002D928A /* Project object */;
}
